version: 1.0
shards:
  crz:
    github: dhruvrajvanshi/crz
    version: 1.0.0

  mocks:
    github: waterlink/mocks.cr
    version: 0.9.6

  singleton:
    github: waterlink/singleton.cr
    version: 1.0.0

  tempdir:
    github: sam0x17/tempdir
    version: 1.0.4

  webmock:
    github: manastech/webmock.cr
    commit: c53a63a0edccea828dad157017e5b346bb1e0521

